{
  "repository": "https://github.com/yoinkify/yoink.git",
  "commit": "061e33ffc8d5050f828196bb78f7034f817e1e2e",
  "license": "AGPL-3.0",
  "expectedGitBlobs": {
    "src/lib/spotify.ts": "680d1154156c0925d81a1dd1a189d5ea83107530",
    "src/lib/resolve-track.ts": "a01153b34bc443a7b6af51353d94c3d511d60215",
    "src/lib/deezer.ts": "1e05f58ae2be559e7add58babc8d48db59114120",
    "src/app/api/download/route.ts": "f61e38919c67650e0ee1cad4a42a458824898acb",
    "src/app/api/metadata/route.ts": "d73e03b75f339a31be27bd8cab05e0df049a9509"
  }
}
