{
  "repository": "https://github.com/ish-app/ish",
  "commit": "83348361fe65311f6e87ad2e1cbb0ac38d123f69",
  "license": [
    "GPL-3.0",
    "GPL-2.0-or-later-compatible contributions",
    "LICENSE.IOS additional permission"
  ],
  "role": "Headless embedded Linux command runtime for ByeTunesLocal only",
  "uiIncluded": false
}
